
Microsoft Visual Studio Solution File, Format Version 11.00
# Visual Studio 2010
Project("{FAE04EC0-301F-11D3-BF4B-00C04F79EFBC}") = "MultiAR", "Assembly-CSharp.csproj", "{8800D7EA-A467-16DB-8080-31FA2948EB59}"
EndProject
Project("{FAE04EC0-301F-11D3-BF4B-00C04F79EFBC}") = "MultiAR", "Assembly-CSharp-Editor.csproj", "{B489161D-F197-53B9-E3EA-E06FA4F1377C}"
EndProject
Global
	GlobalSection(SolutionConfigurationPlatforms) = preSolution
		Debug|Any CPU = Debug|Any CPU
		Release|Any CPU = Release|Any CPU
	EndGlobalSection
	GlobalSection(ProjectConfigurationPlatforms) = postSolution
		{8800D7EA-A467-16DB-8080-31FA2948EB59}.Debug|Any CPU.ActiveCfg = Debug|Any CPU
		{8800D7EA-A467-16DB-8080-31FA2948EB59}.Debug|Any CPU.Build.0 = Debug|Any CPU
		{8800D7EA-A467-16DB-8080-31FA2948EB59}.Release|Any CPU.ActiveCfg = Release|Any CPU
		{8800D7EA-A467-16DB-8080-31FA2948EB59}.Release|Any CPU.Build.0 = Release|Any CPU
		{B489161D-F197-53B9-E3EA-E06FA4F1377C}.Debug|Any CPU.ActiveCfg = Debug|Any CPU
		{B489161D-F197-53B9-E3EA-E06FA4F1377C}.Debug|Any CPU.Build.0 = Debug|Any CPU
		{B489161D-F197-53B9-E3EA-E06FA4F1377C}.Release|Any CPU.ActiveCfg = Release|Any CPU
		{B489161D-F197-53B9-E3EA-E06FA4F1377C}.Release|Any CPU.Build.0 = Release|Any CPU
	EndGlobalSection
	GlobalSection(SolutionProperties) = preSolution
		HideSolutionNode = FALSE
	EndGlobalSection
	GlobalSection(MonoDevelopProperties) = preSolution
		StartupItem = Assembly-CSharp.csproj
	EndGlobalSection
EndGlobal
